
Microsoft Visual Studio Solution File, Format Version 12.00
Project("{FAE04EC0-301F-11D3-BF4B-00C04F79EFBC}") = "WeatherForecastApp.Web", "WeatherForecastApp.Web\WeatherForecastApp.Web.csproj", "{CAEDCDAE-466B-4E1C-83E6-73035C0DB34E}"
EndProject
Project("{FAE04EC0-301F-11D3-BF4B-00C04F79EFBC}") = "WeatherForecastApp.Models", "WeatherForecastApp.Models\WeatherForecastApp.Models.csproj", "{E2F91BDD-827C-47D6-BE29-9FC57AAFEB60}"
EndProject
Project("{FAE04EC0-301F-11D3-BF4B-00C04F79EFBC}") = "WeatherForecastConsole", "WeatherForecastConsole\WeatherForecastConsole.csproj", "{BD7ECD00-2D44-4823-A103-A5A0D6E9A06D}"
EndProject
Project("{FAE04EC0-301F-11D3-BF4B-00C04F79EFBC}") = "WeatherForecastApp.Data", "WeatherForecastApp.Data\WeatherForecastApp.Data.csproj", "{E516C84C-9764-404C-B199-898D28D62411}"
EndProject
Project("{FAE04EC0-301F-11D3-BF4B-00C04F79EFBC}") = "WeatherForecastApp.Utility", "WeatherForecastApp.Utility\WeatherForecastApp.Utility.csproj", "{DCDE9F1A-21D8-4AB0-B78B-63C2DACFCDFD}"
EndProject
Global
	GlobalSection(SolutionConfigurationPlatforms) = preSolution
		Debug|Any CPU = Debug|Any CPU
		Release|Any CPU = Release|Any CPU
	EndGlobalSection
	GlobalSection(ProjectConfigurationPlatforms) = postSolution
		{CAEDCDAE-466B-4E1C-83E6-73035C0DB34E}.Debug|Any CPU.ActiveCfg = Debug|Any CPU
		{CAEDCDAE-466B-4E1C-83E6-73035C0DB34E}.Debug|Any CPU.Build.0 = Debug|Any CPU
		{CAEDCDAE-466B-4E1C-83E6-73035C0DB34E}.Release|Any CPU.ActiveCfg = Release|Any CPU
		{CAEDCDAE-466B-4E1C-83E6-73035C0DB34E}.Release|Any CPU.Build.0 = Release|Any CPU
		{E2F91BDD-827C-47D6-BE29-9FC57AAFEB60}.Debug|Any CPU.ActiveCfg = Debug|Any CPU
		{E2F91BDD-827C-47D6-BE29-9FC57AAFEB60}.Debug|Any CPU.Build.0 = Debug|Any CPU
		{E2F91BDD-827C-47D6-BE29-9FC57AAFEB60}.Release|Any CPU.ActiveCfg = Release|Any CPU
		{E2F91BDD-827C-47D6-BE29-9FC57AAFEB60}.Release|Any CPU.Build.0 = Release|Any CPU
		{BD7ECD00-2D44-4823-A103-A5A0D6E9A06D}.Debug|Any CPU.ActiveCfg = Debug|Any CPU
		{BD7ECD00-2D44-4823-A103-A5A0D6E9A06D}.Debug|Any CPU.Build.0 = Debug|Any CPU
		{BD7ECD00-2D44-4823-A103-A5A0D6E9A06D}.Release|Any CPU.ActiveCfg = Release|Any CPU
		{BD7ECD00-2D44-4823-A103-A5A0D6E9A06D}.Release|Any CPU.Build.0 = Release|Any CPU
		{E516C84C-9764-404C-B199-898D28D62411}.Debug|Any CPU.ActiveCfg = Debug|Any CPU
		{E516C84C-9764-404C-B199-898D28D62411}.Debug|Any CPU.Build.0 = Debug|Any CPU
		{E516C84C-9764-404C-B199-898D28D62411}.Release|Any CPU.ActiveCfg = Release|Any CPU
		{E516C84C-9764-404C-B199-898D28D62411}.Release|Any CPU.Build.0 = Release|Any CPU
		{DCDE9F1A-21D8-4AB0-B78B-63C2DACFCDFD}.Debug|Any CPU.ActiveCfg = Debug|Any CPU
		{DCDE9F1A-21D8-4AB0-B78B-63C2DACFCDFD}.Debug|Any CPU.Build.0 = Debug|Any CPU
		{DCDE9F1A-21D8-4AB0-B78B-63C2DACFCDFD}.Release|Any CPU.ActiveCfg = Release|Any CPU
		{DCDE9F1A-21D8-4AB0-B78B-63C2DACFCDFD}.Release|Any CPU.Build.0 = Release|Any CPU
	EndGlobalSection
EndGlobal
